
Microsoft Visual Studio Solution File, Format Version 12.00
# Visual Studio Version 17
VisualStudioVersion = 17.11.35312.102
MinimumVisualStudioVersion = 10.0.40219.1
Project("{FAE04EC0-301F-11D3-BF4B-00C04F79EFBC}") = "OOP_3IID-P", "OOP_3IID-P\OOP_3IID-P.csproj", "{AE111B29-3CBF-440A-86AD-AA79BA0A81DA}"
EndProject
Global
	GlobalSection(SolutionConfigurationPlatforms) = preSolution
		Debug|Any CPU = Debug|Any CPU
		Release|Any CPU = Release|Any CPU
	EndGlobalSection
	GlobalSection(ProjectConfigurationPlatforms) = postSolution
		{AE111B29-3CBF-440A-86AD-AA79BA0A81DA}.Debug|Any CPU.ActiveCfg = Debug|Any CPU
		{AE111B29-3CBF-440A-86AD-AA79BA0A81DA}.Debug|Any CPU.Build.0 = Debug|Any CPU
		{AE111B29-3CBF-440A-86AD-AA79BA0A81DA}.Release|Any CPU.ActiveCfg = Release|Any CPU
		{AE111B29-3CBF-440A-86AD-AA79BA0A81DA}.Release|Any CPU.Build.0 = Release|Any CPU
	EndGlobalSection
	GlobalSection(SolutionProperties) = preSolution
		HideSolutionNode = FALSE
	EndGlobalSection
	GlobalSection(ExtensibilityGlobals) = postSolution
		SolutionGuid = {A1CBFA73-6154-43D5-86CF-3948642CB833}
	EndGlobalSection
EndGlobal
